<?xml version="1.0" encoding="utf-8"?>
<Project ToolsVersion="4.0" xmlns="http://schemas.microsoft.com/developer/msbuild/2003">
  <ItemGroup>
    <Filter Include="Source Files">
      <UniqueIdentifier>{4FC737F1-C7A5-4376-A066-2A32D752A2FF}</UniqueIdentifier>
      <Extensions>cpp;c;cc;cxx;def;odl;idl;hpj;bat;asm;asmx</Extensions>
    </Filter>
    <Filter Include="Header Files">
      <UniqueIdentifier>{93995380-89BD-4b04-88EB-625FBE52EBFB}</UniqueIdentifier>
      <Extensions>h;hh;hpp;hxx;hm;inl;inc;ipp;xsd</Extensions>
    </Filter>
    <Filter Include="Resource Files">
      <UniqueIdentifier>{67DA6AB6-F800-4c08-8B7A-83BB121AAD01}</UniqueIdentifier>
      <Extensions>rc;ico;cur;bmp;dlg;rc2;rct;bin;rgs;gif;jpg;jpeg;jpe;resx;tiff;tif;png;wav;mfcribbon-ms</Extensions>
    </Filter>
  </ItemGroup>
  <ItemGroup>
    <ClInclude Include="include\ArchiveOpenCallback.h">
      <Filter>Header Files</Filter>
    </ClInclude>
    <ClInclude Include="include\CompressionFormat.h">
      <Filter>Header Files</Filter>
    </ClInclude>
    <ClInclude Include="include\CompressionLevel.h">
      <Filter>Header Files</Filter>
    </ClInclude>
    <ClInclude Include="include\FileInfo.h">
      <Filter>Header Files</Filter>
    </ClInclude>
    <ClInclude Include="include\FileSys.h">
      <Filter>Header Files</Filter>
    </ClInclude>
    <ClInclude Include="include\GUIDs.h">
      <Filter>Header Files</Filter>
    </ClInclude>
    <ClInclude Include="include\InStreamWrapper.h">
      <Filter>Header Files</Filter>
    </ClInclude>
    <ClInclude Include="include\PathScanner.h">
      <Filter>Header Files</Filter>
    </ClInclude>
    <ClInclude Include="include\PropVariant.h">
      <Filter>Header Files</Filter>
    </ClInclude>
    <ClInclude Include="include\SevenZipArchive.h">
      <Filter>Header Files</Filter>
    </ClInclude>
    <ClInclude Include="include\SevenZipCompressor.h">
      <Filter>Header Files</Filter>
    </ClInclude>
    <ClInclude Include="include\SevenZipLibraryManager.h">
      <Filter>Header Files</Filter>
    </ClInclude>
    <ClInclude Include="include\stdafx.h">
      <Filter>Header Files</Filter>
    </ClInclude>
    <ClInclude Include="include\UsefulFunctions.h">
      <Filter>Header Files</Filter>
    </ClInclude>
    <ClInclude Include="include\targetver.h">
      <Filter>Header Files</Filter>
    </ClInclude>
    <ClInclude Include="include\SevenZipCpp.h">
      <Filter>Header Files</Filter>
    </ClInclude>
    <ClInclude Include="include\ProgressCallback.h">
      <Filter>Header Files</Filter>
    </ClInclude>
    <ClInclude Include="include\OutStreamWrapper.h">
      <Filter>Header Files</Filter>
    </ClInclude>
    <ClInclude Include="include\ArchiveUpdateCallback.h">
      <Filter>Header Files</Filter>
    </ClInclude>
    <ClInclude Include="include\FileIO.h">
      <Filter>Header Files</Filter>
    </ClInclude>
    <ClInclude Include="include\FileStreams.h">
      <Filter>Header Files</Filter>
    </ClInclude>
    <ClInclude Include="include\FileName.h">
      <Filter>Header Files</Filter>
    </ClInclude>
    <ClInclude Include="include\MyString.h">
      <Filter>Header Files</Filter>
    </ClInclude>
    <ClInclude Include="include\IntToString.h">
      <Filter>Header Files</Filter>
    </ClInclude>
    <ClInclude Include="include\MyVector.h">
      <Filter>Header Files</Filter>
    </ClInclude>
    <ClInclude Include="include\FileSystem.h">
      <Filter>Header Files</Filter>
    </ClInclude>
    <ClInclude Include="include\MyTypes.h">
      <Filter>Header Files</Filter>
    </ClInclude>
    <ClInclude Include="include\Defs.h">
      <Filter>Header Files</Filter>
    </ClInclude>
    <ClInclude Include="include\Alloc.h">
      <Filter>Header Files</Filter>
    </ClInclude>
    <ClInclude Include="include\ArchiveExtractCallback.h">
      <Filter>Header Files</Filter>
    </ClInclude>
    <ClInclude Include="include\SevenZipExtractor.h">
      <Filter>Header Files</Filter>
    </ClInclude>
    <ClInclude Include="include\MemExtractCallback.h">
      <Filter>Header Files</Filter>
    </ClInclude>
    <ClInclude Include="include\OutMemStream.h">
      <Filter>Header Files</Filter>
    </ClInclude>
    <ClInclude Include="include\SevenZipCompressorCLI.h">
      <Filter>Header Files</Filter>
    </ClInclude>
    <ClInclude Include="include\BlockingQueue.h">
      <Filter>Header Files</Filter>
    </ClInclude>
    <ClInclude Include="include\SevenZipMemoryQueue.h">
      <Filter>Header Files</Filter>
    </ClInclude>
  </ItemGroup>
  <ItemGroup>
    <ClCompile Include="src\ArchiveOpenCallback.cpp">
      <Filter>Source Files</Filter>
    </ClCompile>
    <ClCompile Include="src\FileSys.cpp">
      <Filter>Source Files</Filter>
    </ClCompile>
    <ClCompile Include="src\InStreamWrapper.cpp">
      <Filter>Source Files</Filter>
    </ClCompile>
    <ClCompile Include="src\PathScanner.cpp">
      <Filter>Source Files</Filter>
    </ClCompile>
    <ClCompile Include="src\PropVariant.cpp">
      <Filter>Source Files</Filter>
    </ClCompile>
    <ClCompile Include="src\SevenZipArchive.cpp">
      <Filter>Source Files</Filter>
    </ClCompile>
    <ClCompile Include="src\SevenZipCompressor.cpp">
      <Filter>Source Files</Filter>
    </ClCompile>
    <ClCompile Include="src\SevenZipCpp.cpp">
      <Filter>Source Files</Filter>
    </ClCompile>
    <ClCompile Include="src\SevenZipLibraryManager.cpp">
      <Filter>Source Files</Filter>
    </ClCompile>
    <ClCompile Include="src\stdafx.cpp">
      <Filter>Source Files</Filter>
    </ClCompile>
    <ClCompile Include="src\UsefulFunctions.cpp">
      <Filter>Source Files</Filter>
    </ClCompile>
    <ClCompile Include="src\OutStreamWrapper.cpp">
      <Filter>Source Files</Filter>
    </ClCompile>
    <ClCompile Include="src\ArchiveUpdateCallback.cpp">
      <Filter>Source Files</Filter>
    </ClCompile>
    <ClCompile Include="src\FileIO.cpp">
      <Filter>Source Files</Filter>
    </ClCompile>
    <ClCompile Include="src\FileStreams.cpp">
      <Filter>Source Files</Filter>
    </ClCompile>
    <ClCompile Include="src\FileName.cpp">
      <Filter>Source Files</Filter>
    </ClCompile>
    <ClCompile Include="src\MyString.cpp">
      <Filter>Source Files</Filter>
    </ClCompile>
    <ClCompile Include="src\IntToString.cpp">
      <Filter>Source Files</Filter>
    </ClCompile>
    <ClCompile Include="src\MyVector.cpp">
      <Filter>Source Files</Filter>
    </ClCompile>
    <ClCompile Include="src\FileSystem.cpp">
      <Filter>Source Files</Filter>
    </ClCompile>
    <ClCompile Include="src\Alloc.cpp">
      <Filter>Source Files</Filter>
    </ClCompile>
    <ClCompile Include="src\ArchiveExtractCallback.cpp">
      <Filter>Source Files</Filter>
    </ClCompile>
    <ClCompile Include="src\SevenZipExtractor.cpp">
      <Filter>Source Files</Filter>
    </ClCompile>
    <ClCompile Include="src\MemExtractCallback.cpp">
      <Filter>Source Files</Filter>
    </ClCompile>
    <ClCompile Include="src\OutMemStream.cpp">
      <Filter>Source Files</Filter>
    </ClCompile>
    <ClCompile Include="src\SevenZipCompressorCLI.cpp">
      <Filter>Source Files</Filter>
    </ClCompile>
    <ClCompile Include="src\SevenZipMemoryQueue.cpp">
      <Filter>Source Files</Filter>
    </ClCompile>
  </ItemGroup>
</Project>